
Microsoft Visual Studio Solution File, Format Version 12.00
Project("{FAE04EC0-301F-11D3-BF4B-00C04F79EFBC}") = "ParsecSharp.Core", "ParsecSharp.Core\ParsecSharp.Core.csproj", "{BEC1BBCC-0B00-48F8-BDBC-B876C1B5E617}"
EndProject
Project("{FAE04EC0-301F-11D3-BF4B-00C04F79EFBC}") = "ParsecSharp.Tests", "ParsecSharp.Tests\ParsecSharp.Tests.csproj", "{23092563-294E-46BC-90A7-9568187CA046}"
EndProject
Project("{FAE04EC0-301F-11D3-BF4B-00C04F79EFBC}") = "ParsecSharp.Examples", "ParsecSharp.Examples\ParsecSharp.Examples.csproj", "{DAE76793-A4EE-4E02-8951-5F5391B68C2C}"
EndProject
Global
	GlobalSection(SolutionConfigurationPlatforms) = preSolution
		Debug|Any CPU = Debug|Any CPU
		Release|Any CPU = Release|Any CPU
	EndGlobalSection
	GlobalSection(ProjectConfigurationPlatforms) = postSolution
		{BEC1BBCC-0B00-48F8-BDBC-B876C1B5E617}.Debug|Any CPU.ActiveCfg = Debug|Any CPU
		{BEC1BBCC-0B00-48F8-BDBC-B876C1B5E617}.Debug|Any CPU.Build.0 = Debug|Any CPU
		{BEC1BBCC-0B00-48F8-BDBC-B876C1B5E617}.Release|Any CPU.ActiveCfg = Release|Any CPU
		{BEC1BBCC-0B00-48F8-BDBC-B876C1B5E617}.Release|Any CPU.Build.0 = Release|Any CPU
		{23092563-294E-46BC-90A7-9568187CA046}.Debug|Any CPU.ActiveCfg = Debug|Any CPU
		{23092563-294E-46BC-90A7-9568187CA046}.Debug|Any CPU.Build.0 = Debug|Any CPU
		{23092563-294E-46BC-90A7-9568187CA046}.Release|Any CPU.ActiveCfg = Release|Any CPU
		{23092563-294E-46BC-90A7-9568187CA046}.Release|Any CPU.Build.0 = Release|Any CPU
		{DAE76793-A4EE-4E02-8951-5F5391B68C2C}.Debug|Any CPU.ActiveCfg = Debug|Any CPU
		{DAE76793-A4EE-4E02-8951-5F5391B68C2C}.Debug|Any CPU.Build.0 = Debug|Any CPU
		{DAE76793-A4EE-4E02-8951-5F5391B68C2C}.Release|Any CPU.ActiveCfg = Release|Any CPU
		{DAE76793-A4EE-4E02-8951-5F5391B68C2C}.Release|Any CPU.Build.0 = Release|Any CPU
	EndGlobalSection
EndGlobal
